
Microsoft Visual Studio Solution File, Format Version 12.00
# Visual Studio Version 16
VisualStudioVersion = 16.0.33529.622
MinimumVisualStudioVersion = 10.0.40219.1
Project("{FAE04EC0-301F-11D3-BF4B-00C04F79EFBC}") = "MeSegundaUnidade", "MeSegundaUnidade\MeSegundaUnidade.csproj", "{CFCC4E88-7419-4B45-9C5F-FE045598A499}"
EndProject
Global
	GlobalSection(SolutionConfigurationPlatforms) = preSolution
		Debug|Any CPU = Debug|Any CPU
		Release|Any CPU = Release|Any CPU
	EndGlobalSection
	GlobalSection(ProjectConfigurationPlatforms) = postSolution
		{CFCC4E88-7419-4B45-9C5F-FE045598A499}.Debug|Any CPU.ActiveCfg = Debug|Any CPU
		{CFCC4E88-7419-4B45-9C5F-FE045598A499}.Debug|Any CPU.Build.0 = Debug|Any CPU
		{CFCC4E88-7419-4B45-9C5F-FE045598A499}.Release|Any CPU.ActiveCfg = Release|Any CPU
		{CFCC4E88-7419-4B45-9C5F-FE045598A499}.Release|Any CPU.Build.0 = Release|Any CPU
	EndGlobalSection
	GlobalSection(SolutionProperties) = preSolution
		HideSolutionNode = FALSE
	EndGlobalSection
	GlobalSection(ExtensibilityGlobals) = postSolution
		SolutionGuid = {AEE0C79B-BDCE-42A4-B431-563F6E4D4DAB}
	EndGlobalSection
EndGlobal
